{
  "name": "davjs",
  "version": "0.0.1-dev",
  "lockfileVersion": 2,
  "requires": true,
  "packages": {
    "": {
      "name": "davjs",
      "version": "0.0.1-dev",
      "license": "MIT",
      "dependencies": {
        "@faasjs/request": "*"
      },
      "devDependencies": {
        "typescript": "*"
      },
      "engines": {
        "node": ">=16.0.0",
        "npm": ">=8.0.0"
      },
      "funding": {
        "url": "https://paypal.me/zhufengben"
      }
    },
    "node_modules/@faasjs/logger": {
      "version": "0.0.2-beta.404",
      "resolved": "https://registry.npmjs.org/@faasjs/logger/-/logger-0.0.2-beta.404.tgz",
      "integrity": "sha512-zFwRxLsQUE6Lv9hmPXyaVInjmQ9Wvvg/60CCH52sEeOEqiuRZf1RLnzfTU5JTLSjx2pENwzuDP1sxtfUpLSzSQ==",
      "peer": true,
      "engines": {
        "node": ">=16.0.0",
        "npm": ">=8.0.0"
      },
      "funding": {
        "url": "https://github.com/sponsors/faasjs"
      }
    },
    "node_modules/@faasjs/request": {
      "version": "0.0.2-beta.404",
      "resolved": "https://registry.npmjs.org/@faasjs/request/-/request-0.0.2-beta.404.tgz",
      "integrity": "sha512-tybcaxWJV2z3ks/E6Jyy8EIJaH168omGGiTG6DLrpEPgJAUhc7780yBu0G4cZmRRafxySIAIIVoXb2Tgg5fZFg==",
      "engines": {
        "node": ">=16.0.0",
        "npm": ">=8.0.0"
      },
      "funding": {
        "url": "https://github.com/sponsors/faasjs"
      },
      "peerDependencies": {
        "@faasjs/logger": "^0.0.2-beta.404"
      }
    },
    "node_modules/typescript": {
      "version": "4.8.2",
      "resolved": "https://registry.npmjs.org/typescript/-/typescript-4.8.2.tgz",
      "integrity": "sha512-C0I1UsrrDHo2fYI5oaCGbSejwX4ch+9Y5jTQELvovfmFkK3HHSZJB8MSJcWLmCUBzQBchCrZ9rMRV6GuNrvGtw==",
      "dev": true,
      "bin": {
        "tsc": "bin/tsc",
        "tsserver": "bin/tsserver"
      },
      "engines": {
        "node": ">=4.2.0"
      }
    }
  },
  "dependencies": {
    "@faasjs/logger": {
      "version": "0.0.2-beta.404",
      "resolved": "https://registry.npmjs.org/@faasjs/logger/-/logger-0.0.2-beta.404.tgz",
      "integrity": "sha512-zFwRxLsQUE6Lv9hmPXyaVInjmQ9Wvvg/60CCH52sEeOEqiuRZf1RLnzfTU5JTLSjx2pENwzuDP1sxtfUpLSzSQ==",
      "peer": true
    },
    "@faasjs/request": {
      "version": "0.0.2-beta.404",
      "resolved": "https://registry.npmjs.org/@faasjs/request/-/request-0.0.2-beta.404.tgz",
      "integrity": "sha512-tybcaxWJV2z3ks/E6Jyy8EIJaH168omGGiTG6DLrpEPgJAUhc7780yBu0G4cZmRRafxySIAIIVoXb2Tgg5fZFg==",
      "requires": {}
    },
    "typescript": {
      "version": "4.8.2",
      "resolved": "https://registry.npmjs.org/typescript/-/typescript-4.8.2.tgz",
      "integrity": "sha512-C0I1UsrrDHo2fYI5oaCGbSejwX4ch+9Y5jTQELvovfmFkK3HHSZJB8MSJcWLmCUBzQBchCrZ9rMRV6GuNrvGtw==",
      "dev": true
    }
  }
}
