{
  "name": "davjs",
  "version": "0.0.1-dev",
  "lockfileVersion": 2,
  "requires": true,
  "packages": {
    "": {
      "name": "davjs",
      "version": "0.0.1-dev",
      "license": "MIT",
      "dependencies": {
        "@faasjs/request": "*"
      },
      "devDependencies": {
        "typescript": "*"
      },
      "engines": {
        "node": ">=16.0.0",
        "npm": ">=8.0.0"
      },
      "funding": {
        "url": "https://paypal.me/zhufengben"
      }
    },
    "node_modules/@faasjs/logger": {
      "version": "0.0.2-beta.419",
      "resolved": "https://registry.npmjs.org/@faasjs/logger/-/logger-0.0.2-beta.419.tgz",
      "integrity": "sha512-g+MiA+42L2B+Na/SJ6bGwjyuW9WxPatSIQgb5iHzEGw/MslPTtUXu2DVNzO0XiPNEfw7DsOUBvgmtSrjSjbvbg==",
      "engines": {
        "node": ">=16.0.0",
        "npm": ">=8.0.0"
      },
      "funding": {
        "url": "https://github.com/sponsors/faasjs"
      }
    },
    "node_modules/@faasjs/request": {
      "version": "0.0.2-beta.419",
      "resolved": "https://registry.npmjs.org/@faasjs/request/-/request-0.0.2-beta.419.tgz",
      "integrity": "sha512-ndN+droVisIDG4t/GXwpBSki1yrvq38+I5lN/hSFm4rNZQzpf7z6Mp4NSDRdniL0XXHVdDaKzf5GwZVGzOkjug==",
      "dependencies": {
        "@faasjs/logger": "^0.0.2-beta.419"
      },
      "engines": {
        "node": ">=16.0.0",
        "npm": ">=8.0.0"
      },
      "funding": {
        "url": "https://github.com/sponsors/faasjs"
      }
    },
    "node_modules/typescript": {
      "version": "4.8.4",
      "resolved": "https://registry.npmjs.org/typescript/-/typescript-4.8.4.tgz",
      "integrity": "sha512-QCh+85mCy+h0IGff8r5XWzOVSbBO+KfeYrMQh7NJ58QujwcE22u+NUSmUxqF+un70P9GXKxa2HCNiTTMJknyjQ==",
      "dev": true,
      "bin": {
        "tsc": "bin/tsc",
        "tsserver": "bin/tsserver"
      },
      "engines": {
        "node": ">=4.2.0"
      }
    }
  },
  "dependencies": {
    "@faasjs/logger": {
      "version": "0.0.2-beta.419",
      "resolved": "https://registry.npmjs.org/@faasjs/logger/-/logger-0.0.2-beta.419.tgz",
      "integrity": "sha512-g+MiA+42L2B+Na/SJ6bGwjyuW9WxPatSIQgb5iHzEGw/MslPTtUXu2DVNzO0XiPNEfw7DsOUBvgmtSrjSjbvbg=="
    },
    "@faasjs/request": {
      "version": "0.0.2-beta.419",
      "resolved": "https://registry.npmjs.org/@faasjs/request/-/request-0.0.2-beta.419.tgz",
      "integrity": "sha512-ndN+droVisIDG4t/GXwpBSki1yrvq38+I5lN/hSFm4rNZQzpf7z6Mp4NSDRdniL0XXHVdDaKzf5GwZVGzOkjug==",
      "requires": {
        "@faasjs/logger": "^0.0.2-beta.419"
      }
    },
    "typescript": {
      "version": "4.8.4",
      "resolved": "https://registry.npmjs.org/typescript/-/typescript-4.8.4.tgz",
      "integrity": "sha512-QCh+85mCy+h0IGff8r5XWzOVSbBO+KfeYrMQh7NJ58QujwcE22u+NUSmUxqF+un70P9GXKxa2HCNiTTMJknyjQ==",
      "dev": true
    }
  }
}
