{
  "name": "davjs",
  "version": "0.0.1-dev",
  "lockfileVersion": 2,
  "requires": true,
  "packages": {
    "": {
      "name": "davjs",
      "version": "0.0.1-dev",
      "license": "MIT",
      "dependencies": {
        "@faasjs/request": "*"
      },
      "devDependencies": {
        "typescript": "*"
      },
      "engines": {
        "node": ">=16.0.0",
        "npm": ">=8.0.0"
      },
      "funding": {
        "url": "https://paypal.me/zhufengben"
      }
    },
    "node_modules/@faasjs/logger": {
      "version": "0.0.2-beta.421",
      "resolved": "https://registry.npmjs.org/@faasjs/logger/-/logger-0.0.2-beta.421.tgz",
      "integrity": "sha512-B4IoC1WDPUMZqSnNa88GfUGyilVmG9AL849Ydh4gWLU4V3lf7vuxlYTMtPX930jRrdxUDKn1I4x+MjWYyVuZcQ==",
      "engines": {
        "node": ">=16.0.0",
        "npm": ">=8.0.0"
      },
      "funding": {
        "url": "https://github.com/sponsors/faasjs"
      }
    },
    "node_modules/@faasjs/request": {
      "version": "0.0.2-beta.421",
      "resolved": "https://registry.npmjs.org/@faasjs/request/-/request-0.0.2-beta.421.tgz",
      "integrity": "sha512-XoUxsDUDJ+s6zFVVId2mmojO7C6LdCt1PJWK8GsTGF2CRFCGwoPcmdX6rwVH2MaFbgXgXlzAx7C+adR64bP6/A==",
      "dependencies": {
        "@faasjs/logger": "^0.0.2-beta.421"
      },
      "engines": {
        "node": ">=16.0.0",
        "npm": ">=8.0.0"
      },
      "funding": {
        "url": "https://github.com/sponsors/faasjs"
      }
    },
    "node_modules/typescript": {
      "version": "4.8.4",
      "resolved": "https://registry.npmjs.org/typescript/-/typescript-4.8.4.tgz",
      "integrity": "sha512-QCh+85mCy+h0IGff8r5XWzOVSbBO+KfeYrMQh7NJ58QujwcE22u+NUSmUxqF+un70P9GXKxa2HCNiTTMJknyjQ==",
      "dev": true,
      "bin": {
        "tsc": "bin/tsc",
        "tsserver": "bin/tsserver"
      },
      "engines": {
        "node": ">=4.2.0"
      }
    }
  },
  "dependencies": {
    "@faasjs/logger": {
      "version": "0.0.2-beta.421",
      "resolved": "https://registry.npmjs.org/@faasjs/logger/-/logger-0.0.2-beta.421.tgz",
      "integrity": "sha512-B4IoC1WDPUMZqSnNa88GfUGyilVmG9AL849Ydh4gWLU4V3lf7vuxlYTMtPX930jRrdxUDKn1I4x+MjWYyVuZcQ=="
    },
    "@faasjs/request": {
      "version": "0.0.2-beta.421",
      "resolved": "https://registry.npmjs.org/@faasjs/request/-/request-0.0.2-beta.421.tgz",
      "integrity": "sha512-XoUxsDUDJ+s6zFVVId2mmojO7C6LdCt1PJWK8GsTGF2CRFCGwoPcmdX6rwVH2MaFbgXgXlzAx7C+adR64bP6/A==",
      "requires": {
        "@faasjs/logger": "^0.0.2-beta.421"
      }
    },
    "typescript": {
      "version": "4.8.4",
      "resolved": "https://registry.npmjs.org/typescript/-/typescript-4.8.4.tgz",
      "integrity": "sha512-QCh+85mCy+h0IGff8r5XWzOVSbBO+KfeYrMQh7NJ58QujwcE22u+NUSmUxqF+un70P9GXKxa2HCNiTTMJknyjQ==",
      "dev": true
    }
  }
}
